
Microsoft Visual Studio Solution File, Format Version 12.00
# Visual Studio Version 17
VisualStudioVersion = 17.12.35728.132
MinimumVisualStudioVersion = 10.0.40219.1
Project("{FAE04EC0-301F-11D3-BF4B-00C04F79EFBC}") = "Yantra", "Yantra\Yantra.csproj", "{D41B6DCF-E29D-4C51-A2EA-BF440ACC6157}"
EndProject
Project("{FAE04EC0-301F-11D3-BF4B-00C04F79EFBC}") = "YantraJS.Core", "YantraJS.Core\YantraJS.Core.csproj", "{74664787-882A-4BB3-9548-00873F12D8DE}"
EndProject
Global
	GlobalSection(SolutionConfigurationPlatforms) = preSolution
		Debug|Any CPU = Debug|Any CPU
		Release|Any CPU = Release|Any CPU
	EndGlobalSection
	GlobalSection(ProjectConfigurationPlatforms) = postSolution
		{D41B6DCF-E29D-4C51-A2EA-BF440ACC6157}.Debug|Any CPU.ActiveCfg = Debug|Any CPU
		{D41B6DCF-E29D-4C51-A2EA-BF440ACC6157}.Debug|Any CPU.Build.0 = Debug|Any CPU
		{D41B6DCF-E29D-4C51-A2EA-BF440ACC6157}.Release|Any CPU.ActiveCfg = Release|Any CPU
		{D41B6DCF-E29D-4C51-A2EA-BF440ACC6157}.Release|Any CPU.Build.0 = Release|Any CPU
		{74664787-882A-4BB3-9548-00873F12D8DE}.Debug|Any CPU.ActiveCfg = Debug|Any CPU
		{74664787-882A-4BB3-9548-00873F12D8DE}.Debug|Any CPU.Build.0 = Debug|Any CPU
		{74664787-882A-4BB3-9548-00873F12D8DE}.Release|Any CPU.ActiveCfg = Release|Any CPU
		{74664787-882A-4BB3-9548-00873F12D8DE}.Release|Any CPU.Build.0 = Release|Any CPU
	EndGlobalSection
	GlobalSection(SolutionProperties) = preSolution
		HideSolutionNode = FALSE
	EndGlobalSection
EndGlobal
